{
  "name": "@bs-oak/svg",
  "version": "0.2.3",
  "lockfileVersion": 1,
  "requires": true,
  "dependencies": {
    "@bs-oak/file": {
      "version": "0.2.3",
      "resolved": "https://registry.npmjs.org/@bs-oak/file/-/file-0.2.3.tgz",
      "integrity": "sha512-EucVUn7pBQFz7YjUtWOtvbgAKWKth17fCoo0sIBrXHcpym8NURocStTSWtJXygF+uuhJRnof5B6BM5NMZGMHSg=="
    },
    "@bs-oak/html": {
      "version": "0.3.3",
      "resolved": "https://registry.npmjs.org/@bs-oak/html/-/html-0.3.3.tgz",
      "integrity": "sha512-Y5Xs/5wknEOz4bm+S0VYURJnHV7lSZ/yshr6vaqgt6JBcZvZn1mRneaA363zZZdTXf8919Ark85pHJPgLlxq1A==",
      "requires": {
        "@bs-oak/file": "^0.2.3",
        "@bs-oak/json": "^0.1.6",
        "@bs-oak/virtual-dom": "^0.5.2"
      }
    },
    "@bs-oak/json": {
      "version": "0.1.6",
      "resolved": "https://registry.npmjs.org/@bs-oak/json/-/json-0.1.6.tgz",
      "integrity": "sha512-nt+GcEwpPw1v5crUuxRzGOfwZb2iDZYW3/5S20oSgkY/nHZEdxafROlyY9+SjLcWp4dv0DRqxL5uCdS8t69RHg=="
    },
    "@bs-oak/virtual-dom": {
      "version": "0.5.2",
      "resolved": "https://registry.npmjs.org/@bs-oak/virtual-dom/-/virtual-dom-0.5.2.tgz",
      "integrity": "sha512-g/i7Nx9e+RP5CBRgNU5abnLSSpvhf0SpBjksgZhWRnZOJG1hFWlbWj43+qVDmm5MgjZsYjCXuKMZJLpVm4YmSA==",
      "requires": {
        "@bs-oak/json": "^0.1.6",
        "bs-webapi": "^0.13.1",
        "virtual-dom": "^2.1.1"
      }
    },
    "browser-split": {
      "version": "0.0.1",
      "resolved": "https://registry.npmjs.org/browser-split/-/browser-split-0.0.1.tgz",
      "integrity": "sha1-ewl1dPjj6tYG+0Zk5krf3aKYGpM="
    },
    "bs-platform": {
      "version": "4.0.18",
      "resolved": "https://registry.npmjs.org/bs-platform/-/bs-platform-4.0.18.tgz",
      "integrity": "sha512-BwzW0iYHvREqUZIgQxJmdJrxexppLvJxYQ4LLexbhCp7uZU5DIZ5ub4ZHpkCkc8fn8bsXWc+Rrejb3csi+BoAQ==",
      "dev": true
    },
    "bs-webapi": {
      "version": "0.13.6",
      "resolved": "https://registry.npmjs.org/bs-webapi/-/bs-webapi-0.13.6.tgz",
      "integrity": "sha512-oFIndcvO8NeBNEjIzvspv6D7t0qmaZereVl201OQ3lwjV5QUA8V9UdxHvyMt3VBhShvYEGuVIQ/GGET/AU2qeg=="
    },
    "camelize": {
      "version": "1.0.0",
      "resolved": "https://registry.npmjs.org/camelize/-/camelize-1.0.0.tgz",
      "integrity": "sha1-FkpUg+Yw+kMh5a8HAg5TGDGyYJs="
    },
    "dom-walk": {
      "version": "0.1.1",
      "resolved": "https://registry.npmjs.org/dom-walk/-/dom-walk-0.1.1.tgz",
      "integrity": "sha1-ZyIm3HTI95mtNTB9+TaroRrNYBg="
    },
    "error": {
      "version": "4.4.0",
      "resolved": "https://registry.npmjs.org/error/-/error-4.4.0.tgz",
      "integrity": "sha1-v2n/JR+0onnBmtzNqmth6Q2b8So=",
      "requires": {
        "camelize": "^1.0.0",
        "string-template": "~0.2.0",
        "xtend": "~4.0.0"
      }
    },
    "ev-store": {
      "version": "7.0.0",
      "resolved": "https://registry.npmjs.org/ev-store/-/ev-store-7.0.0.tgz",
      "integrity": "sha1-GrDH+CE2UF3XSzHRdwHLK+bSZVg=",
      "requires": {
        "individual": "^3.0.0"
      }
    },
    "global": {
      "version": "4.4.0",
      "resolved": "https://registry.npmjs.org/global/-/global-4.4.0.tgz",
      "integrity": "sha512-wv/LAoHdRE3BeTGz53FAamhGlPLhlssK45usmGFThIi4XqnBmjKQ16u+RNbP7WvigRZDxUsM0J3gcQ5yicaL0w==",
      "requires": {
        "min-document": "^2.19.0",
        "process": "^0.11.10"
      }
    },
    "individual": {
      "version": "3.0.0",
      "resolved": "https://registry.npmjs.org/individual/-/individual-3.0.0.tgz",
      "integrity": "sha1-58pPhfiVewGHNPKFdQ3CLsL5hi0="
    },
    "is-object": {
      "version": "1.0.1",
      "resolved": "https://registry.npmjs.org/is-object/-/is-object-1.0.1.tgz",
      "integrity": "sha1-iVJojF7C/9awPsyF52ngKQMINHA="
    },
    "min-document": {
      "version": "2.19.0",
      "resolved": "https://registry.npmjs.org/min-document/-/min-document-2.19.0.tgz",
      "integrity": "sha1-e9KC4/WELtKVu3SM3Z8f+iyCRoU=",
      "requires": {
        "dom-walk": "^0.1.0"
      }
    },
    "next-tick": {
      "version": "0.2.2",
      "resolved": "https://registry.npmjs.org/next-tick/-/next-tick-0.2.2.tgz",
      "integrity": "sha1-ddpKkn7liH45BliABltzNkE7MQ0="
    },
    "process": {
      "version": "0.11.10",
      "resolved": "https://registry.npmjs.org/process/-/process-0.11.10.tgz",
      "integrity": "sha1-czIwDoQBYb2j5podHZGn1LwW8YI="
    },
    "string-template": {
      "version": "0.2.1",
      "resolved": "https://registry.npmjs.org/string-template/-/string-template-0.2.1.tgz",
      "integrity": "sha1-QpMuWYo1LQH8IuwzZ9nYTuxsmt0="
    },
    "virtual-dom": {
      "version": "2.1.1",
      "resolved": "https://registry.npmjs.org/virtual-dom/-/virtual-dom-2.1.1.tgz",
      "integrity": "sha1-gO2i1IG57eDASRGM78tKBfIdE3U=",
      "requires": {
        "browser-split": "0.0.1",
        "error": "^4.3.0",
        "ev-store": "^7.0.0",
        "global": "^4.3.0",
        "is-object": "^1.0.1",
        "next-tick": "^0.2.2",
        "x-is-array": "0.1.0",
        "x-is-string": "0.1.0"
      }
    },
    "x-is-array": {
      "version": "0.1.0",
      "resolved": "https://registry.npmjs.org/x-is-array/-/x-is-array-0.1.0.tgz",
      "integrity": "sha1-3lIBcdR7P0FvVYfWKbidJrEtwp0="
    },
    "x-is-string": {
      "version": "0.1.0",
      "resolved": "https://registry.npmjs.org/x-is-string/-/x-is-string-0.1.0.tgz",
      "integrity": "sha1-R0tQhlrzpJqcRlfwWs0UVFj3fYI="
    },
    "xtend": {
      "version": "4.0.1",
      "resolved": "https://registry.npmjs.org/xtend/-/xtend-4.0.1.tgz",
      "integrity": "sha1-pcbVMr5lbiPbgg77lDofBJmNY68="
    }
  }
}
